
Microsoft Visual Studio Solution File, Format Version 12.00
# Visual Studio 15
VisualStudioVersion = 15.0.26730.10
MinimumVisualStudioVersion = 10.0.40219.1
Project("{FAE04EC0-301F-11D3-BF4B-00C04F79EFBC}") = "WpfApp", "WpfApp\WpfApp.csproj", "{E7E7D69C-E058-47ED-A4F6-935E65A32EDA}"
EndProject
Global
	GlobalSection(SolutionConfigurationPlatforms) = preSolution
		Debug|Any CPU = Debug|Any CPU
		Release|Any CPU = Release|Any CPU
	EndGlobalSection
	GlobalSection(ProjectConfigurationPlatforms) = postSolution
		{E7E7D69C-E058-47ED-A4F6-935E65A32EDA}.Debug|Any CPU.ActiveCfg = Debug|Any CPU
		{E7E7D69C-E058-47ED-A4F6-935E65A32EDA}.Debug|Any CPU.Build.0 = Debug|Any CPU
		{E7E7D69C-E058-47ED-A4F6-935E65A32EDA}.Release|Any CPU.ActiveCfg = Release|Any CPU
		{E7E7D69C-E058-47ED-A4F6-935E65A32EDA}.Release|Any CPU.Build.0 = Release|Any CPU
	EndGlobalSection
	GlobalSection(SolutionProperties) = preSolution
		HideSolutionNode = FALSE
	EndGlobalSection
	GlobalSection(ExtensibilityGlobals) = postSolution
		SolutionGuid = {C05FF427-E90E-4672-AF53-F12112E8D66A}
	EndGlobalSection
EndGlobal
